
Microsoft Visual Studio Solution File, Format Version 12.00
# Visual Studio Version 17
VisualStudioVersion = 17.3.32929.385
MinimumVisualStudioVersion = 10.0.40219.1
Project("{9A19103F-16F7-4668-BE54-9A1E7A4F7556}") = "client", "client\client.csproj", "{F84548AD-FAD6-425D-B202-2CE41AA08AB7}"
EndProject
Project("{9A19103F-16F7-4668-BE54-9A1E7A4F7556}") = "server", "server\server.csproj", "{0A0D49A7-FB89-4021-BC68-72C25AE33083}"
EndProject
Project("{9A19103F-16F7-4668-BE54-9A1E7A4F7556}") = "ViewModel", "ViewModel\ViewModel.csproj", "{8D589E2D-9285-4C23-BDE7-0755ED75C1F3}"
EndProject
Global
	GlobalSection(SolutionConfigurationPlatforms) = preSolution
		Debug|Any CPU = Debug|Any CPU
		Release|Any CPU = Release|Any CPU
	EndGlobalSection
	GlobalSection(ProjectConfigurationPlatforms) = postSolution
		{F84548AD-FAD6-425D-B202-2CE41AA08AB7}.Debug|Any CPU.ActiveCfg = Debug|Any CPU
		{F84548AD-FAD6-425D-B202-2CE41AA08AB7}.Debug|Any CPU.Build.0 = Debug|Any CPU
		{F84548AD-FAD6-425D-B202-2CE41AA08AB7}.Release|Any CPU.ActiveCfg = Release|Any CPU
		{F84548AD-FAD6-425D-B202-2CE41AA08AB7}.Release|Any CPU.Build.0 = Release|Any CPU
		{0A0D49A7-FB89-4021-BC68-72C25AE33083}.Debug|Any CPU.ActiveCfg = Debug|Any CPU
		{0A0D49A7-FB89-4021-BC68-72C25AE33083}.Debug|Any CPU.Build.0 = Debug|Any CPU
		{0A0D49A7-FB89-4021-BC68-72C25AE33083}.Release|Any CPU.ActiveCfg = Release|Any CPU
		{0A0D49A7-FB89-4021-BC68-72C25AE33083}.Release|Any CPU.Build.0 = Release|Any CPU
		{8D589E2D-9285-4C23-BDE7-0755ED75C1F3}.Debug|Any CPU.ActiveCfg = Debug|Any CPU
		{8D589E2D-9285-4C23-BDE7-0755ED75C1F3}.Debug|Any CPU.Build.0 = Debug|Any CPU
		{8D589E2D-9285-4C23-BDE7-0755ED75C1F3}.Release|Any CPU.ActiveCfg = Release|Any CPU
		{8D589E2D-9285-4C23-BDE7-0755ED75C1F3}.Release|Any CPU.Build.0 = Release|Any CPU
	EndGlobalSection
	GlobalSection(SolutionProperties) = preSolution
		HideSolutionNode = FALSE
	EndGlobalSection
	GlobalSection(ExtensibilityGlobals) = postSolution
		SolutionGuid = {85D12971-67CA-4095-B4F1-E7724ADF14FD}
	EndGlobalSection
EndGlobal
